
Microsoft Visual Studio Solution File, Format Version 12.00
# Visual Studio 15
VisualStudioVersion = 15.0.28307.645
MinimumVisualStudioVersion = 10.0.40219.1
Project("{FAE04EC0-301F-11D3-BF4B-00C04F79EFBC}") = "MarketStoreSystem", "MarketStoreSystem.csproj", "{1C3649EE-8C09-4D6C-897E-8A3D5F292DCB}"
EndProject
Global
	GlobalSection(SolutionConfigurationPlatforms) = preSolution
		Debug|Any CPU = Debug|Any CPU
		Release|Any CPU = Release|Any CPU
	EndGlobalSection
	GlobalSection(ProjectConfigurationPlatforms) = postSolution
		{1C3649EE-8C09-4D6C-897E-8A3D5F292DCB}.Debug|Any CPU.ActiveCfg = Debug|Any CPU
		{1C3649EE-8C09-4D6C-897E-8A3D5F292DCB}.Debug|Any CPU.Build.0 = Debug|Any CPU
		{1C3649EE-8C09-4D6C-897E-8A3D5F292DCB}.Release|Any CPU.ActiveCfg = Release|Any CPU
		{1C3649EE-8C09-4D6C-897E-8A3D5F292DCB}.Release|Any CPU.Build.0 = Release|Any CPU
	EndGlobalSection
	GlobalSection(SolutionProperties) = preSolution
		HideSolutionNode = FALSE
	EndGlobalSection
	GlobalSection(ExtensibilityGlobals) = postSolution
		SolutionGuid = {8932926D-4374-4B3A-A8A5-8FB798201194}
	EndGlobalSection
EndGlobal
